
Microsoft Visual Studio Solution File, Format Version 12.00
# Visual Studio Version 16
VisualStudioVersion = 16.0.30503.244
MinimumVisualStudioVersion = 10.0.40219.1
Project("{8BC9CEB8-8B4A-11D0-8D11-00A0C91BC942}") = "Oop 1", "Oop 1.vcxproj", "{2E95CB87-7BD5-4BEA-A045-A18E3F07C5F5}"
EndProject
Global
	GlobalSection(SolutionConfigurationPlatforms) = preSolution
		Debug|x64 = Debug|x64
		Debug|x86 = Debug|x86
		Release|x64 = Release|x64
		Release|x86 = Release|x86
	EndGlobalSection
	GlobalSection(ProjectConfigurationPlatforms) = postSolution
		{2E95CB87-7BD5-4BEA-A045-A18E3F07C5F5}.Debug|x64.ActiveCfg = Debug|x64
		{2E95CB87-7BD5-4BEA-A045-A18E3F07C5F5}.Debug|x64.Build.0 = Debug|x64
		{2E95CB87-7BD5-4BEA-A045-A18E3F07C5F5}.Debug|x86.ActiveCfg = Debug|Win32
		{2E95CB87-7BD5-4BEA-A045-A18E3F07C5F5}.Debug|x86.Build.0 = Debug|Win32
		{2E95CB87-7BD5-4BEA-A045-A18E3F07C5F5}.Release|x64.ActiveCfg = Release|x64
		{2E95CB87-7BD5-4BEA-A045-A18E3F07C5F5}.Release|x64.Build.0 = Release|x64
		{2E95CB87-7BD5-4BEA-A045-A18E3F07C5F5}.Release|x86.ActiveCfg = Release|Win32
		{2E95CB87-7BD5-4BEA-A045-A18E3F07C5F5}.Release|x86.Build.0 = Release|Win32
	EndGlobalSection
	GlobalSection(SolutionProperties) = preSolution
		HideSolutionNode = FALSE
	EndGlobalSection
	GlobalSection(ExtensibilityGlobals) = postSolution
		SolutionGuid = {01F96B61-7A99-4BDF-8868-4BF5CCAAA59A}
	EndGlobalSection
EndGlobal
